// !$*UTF8*$!
{
	archiveVersion = 1;
	classes = {
	};
	objectVersion = 51;
	objects = {

/* Begin PBXBuildFile section */
		2703C6A2B6E6271CB6372299 /* Pods_Earthify.framework in Frameworks */ = {isa = PBXBuildFile; fileRef = 6B6CA30F38E7D30DEEB77EFC /* Pods_Earthify.framework */; };
		3415D2F026AEDC6F00E8241E /* ManageListingsView.swift in Sources */ = {isa = PBXBuildFile; fileRef = 3415D2EF26AEDC6F00E8241E /* ManageListingsView.swift */; };
		3415D2F226AEF5BE00E8241E /* EditListingView.swift in Sources */ = {isa = PBXBuildFile; fileRef = 3415D2F126AEF5BE00E8241E /* EditListingView.swift */; };
		34386E9726AD220F0047895B /* SettingsMenu.swift in Sources */ = {isa = PBXBuildFile; fileRef = 34386E9626AD220F0047895B /* SettingsMenu.swift */; };
		344A748D26C8660100940ACC /* ProfileImage.swift in Sources */ = {isa = PBXBuildFile; fileRef = 344A748C26C8660000940ACC /* ProfileImage.swift */; };
		3491DCD42699902F002C0C80 /* UserRepository.swift in Sources */ = {isa = PBXBuildFile; fileRef = 3491DCD32699902F002C0C80 /* UserRepository.swift */; };
		3491DCD72699905A002C0C80 /* AppUser.swift in Sources */ = {isa = PBXBuildFile; fileRef = 3491DCD62699905A002C0C80 /* AppUser.swift */; };
		34958103269D0806005A7B5B /* AddListingView.swift in Sources */ = {isa = PBXBuildFile; fileRef = 34958102269D0806005A7B5B /* AddListingView.swift */; };
		34958105269D0B64005A7B5B /* ImagePickerView.swift in Sources */ = {isa = PBXBuildFile; fileRef = 34958104269D0B64005A7B5B /* ImagePickerView.swift */; };
		349E629D269A4C6E00F739D7 /* ItemBrowser.swift in Sources */ = {isa = PBXBuildFile; fileRef = 349E629C269A4C6D00F739D7 /* ItemBrowser.swift */; };
		349E629F269A4D0F00F739D7 /* HomeScreen.swift in Sources */ = {isa = PBXBuildFile; fileRef = 349E629E269A4D0F00F739D7 /* HomeScreen.swift */; };
		349E62A3269A5F1300F739D7 /* ItemListing.swift in Sources */ = {isa = PBXBuildFile; fileRef = 349E62A2269A5F1300F739D7 /* ItemListing.swift */; };
		349E62A5269A615000F739D7 /* ItemListingRepository.swift in Sources */ = {isa = PBXBuildFile; fileRef = 349E62A4269A615000F739D7 /* ItemListingRepository.swift */; };
		349E62AA269AEAD500F739D7 /* ItemListingBadge.swift in Sources */ = {isa = PBXBuildFile; fileRef = 349E62A9269AEAD500F739D7 /* ItemListingBadge.swift */; };
		34A537B0269F80800010530A /* ListingDetailView.swift in Sources */ = {isa = PBXBuildFile; fileRef = 34A537AF269F80800010530A /* ListingDetailView.swift */; };
		34C3693626B4978200F4E811 /* ChatBubble.swift in Sources */ = {isa = PBXBuildFile; fileRef = 34C3693526B4978200F4E811 /* ChatBubble.swift */; };
		34DE345C26B26B1A000542B3 /* Message.swift in Sources */ = {isa = PBXBuildFile; fileRef = 34DE345B26B26B1A000542B3 /* Message.swift */; };
		34DE345E26B31091000542B3 /* ChatsBrowser.swift in Sources */ = {isa = PBXBuildFile; fileRef = 34DE345D26B31091000542B3 /* ChatsBrowser.swift */; };
		34DE346026B3127E000542B3 /* MessageRepository.swift in Sources */ = {isa = PBXBuildFile; fileRef = 34DE345F26B3127E000542B3 /* MessageRepository.swift */; };
		34DE346626B3531A000542B3 /* ChatRow.swift in Sources */ = {isa = PBXBuildFile; fileRef = 34DE346526B3531A000542B3 /* ChatRow.swift */; };
		34F1FB632698528D0050BFE7 /* AppDelegate.swift in Sources */ = {isa = PBXBuildFile; fileRef = 34F1FB622698528D0050BFE7 /* AppDelegate.swift */; };
		34F1FB652698528D0050BFE7 /* SceneDelegate.swift in Sources */ = {isa = PBXBuildFile; fileRef = 34F1FB642698528D0050BFE7 /* SceneDelegate.swift */; };
		34F1FB672698528D0050BFE7 /* ContentView.swift in Sources */ = {isa = PBXBuildFile; fileRef = 34F1FB662698528D0050BFE7 /* ContentView.swift */; };
		34F1FB692698528E0050BFE7 /* Assets.xcassets in Resources */ = {isa = PBXBuildFile; fileRef = 34F1FB682698528E0050BFE7 /* Assets.xcassets */; };
		34F1FB6C2698528E0050BFE7 /* Preview Assets.xcassets in Resources */ = {isa = PBXBuildFile; fileRef = 34F1FB6B2698528E0050BFE7 /* Preview Assets.xcassets */; };
		34F1FB6F2698528E0050BFE7 /* LaunchScreen.storyboard in Resources */ = {isa = PBXBuildFile; fileRef = 34F1FB6D2698528E0050BFE7 /* LaunchScreen.storyboard */; };
		34F1FB77269853C50050BFE7 /* GoogleService-Info.plist in Resources */ = {isa = PBXBuildFile; fileRef = 34F1FB76269853C50050BFE7 /* GoogleService-Info.plist */; };
		34F1FB7E269861D30050BFE7 /* Montserrat-Bold.ttf in Resources */ = {isa = PBXBuildFile; fileRef = 34F1FB7B269861D30050BFE7 /* Montserrat-Bold.ttf */; };
		34F1FB7F269861D30050BFE7 /* Montserrat-Regular.ttf in Resources */ = {isa = PBXBuildFile; fileRef = 34F1FB7C269861D30050BFE7 /* Montserrat-Regular.ttf */; };
		34F1FB80269861D30050BFE7 /* Montserrat-SemiBold.ttf in Resources */ = {isa = PBXBuildFile; fileRef = 34F1FB7D269861D30050BFE7 /* Montserrat-SemiBold.ttf */; };
		34F1FB82269862180050BFE7 /* SplashScreen.swift in Sources */ = {isa = PBXBuildFile; fileRef = 34F1FB81269862180050BFE7 /* SplashScreen.swift */; };
		34F39E6B26B4575A00626894 /* ChatView.swift in Sources */ = {isa = PBXBuildFile; fileRef = 34F39E6A26B4575A00626894 /* ChatView.swift */; };
/* End PBXBuildFile section */

/* Begin PBXFileReference section */
		036A8436C01959B24F2C2DBF /* Pods-Earthify.release.xcconfig */ = {isa = PBXFileReference; includeInIndex = 1; lastKnownFileType = text.xcconfig; name = "Pods-Earthify.release.xcconfig"; path = "Target Support Files/Pods-Earthify/Pods-Earthify.release.xcconfig"; sourceTree = "<group>"; };
		3415D2EF26AEDC6F00E8241E /* ManageListingsView.swift */ = {isa = PBXFileReference; lastKnownFileType = sourcecode.swift; path = ManageListingsView.swift; sourceTree = "<group>"; };
		3415D2F126AEF5BE00E8241E /* EditListingView.swift */ = {isa = PBXFileReference; lastKnownFileType = sourcecode.swift; path = EditListingView.swift; sourceTree = "<group>"; };
		34386E9626AD220F0047895B /* SettingsMenu.swift */ = {isa = PBXFileReference; lastKnownFileType = sourcecode.swift; path = SettingsMenu.swift; sourceTree = "<group>"; };
		344A748C26C8660000940ACC /* ProfileImage.swift */ = {isa = PBXFileReference; lastKnownFileType = sourcecode.swift; path = ProfileImage.swift; sourceTree = "<group>"; };
		3491DCD32699902F002C0C80 /* UserRepository.swift */ = {isa = PBXFileReference; lastKnownFileType = sourcecode.swift; path = UserRepository.swift; sourceTree = "<group>"; };
		3491DCD62699905A002C0C80 /* AppUser.swift */ = {isa = PBXFileReference; lastKnownFileType = sourcecode.swift; path = AppUser.swift; sourceTree = "<group>"; };
		34958102269D0806005A7B5B /* AddListingView.swift */ = {isa = PBXFileReference; lastKnownFileType = sourcecode.swift; path = AddListingView.swift; sourceTree = "<group>"; };
		34958104269D0B64005A7B5B /* ImagePickerView.swift */ = {isa = PBXFileReference; lastKnownFileType = sourcecode.swift; path = ImagePickerView.swift; sourceTree = "<group>"; };
		349E629C269A4C6D00F739D7 /* ItemBrowser.swift */ = {isa = PBXFileReference; lastKnownFileType = sourcecode.swift; path = ItemBrowser.swift; sourceTree = "<group>"; };
		349E629E269A4D0F00F739D7 /* HomeScreen.swift */ = {isa = PBXFileReference; lastKnownFileType = sourcecode.swift; path = HomeScreen.swift; sourceTree = "<group>"; };
		349E62A2269A5F1300F739D7 /* ItemListing.swift */ = {isa = PBXFileReference; lastKnownFileType = sourcecode.swift; path = ItemListing.swift; sourceTree = "<group>"; };
		349E62A4269A615000F739D7 /* ItemListingRepository.swift */ = {isa = PBXFileReference; lastKnownFileType = sourcecode.swift; path = ItemListingRepository.swift; sourceTree = "<group>"; };
		349E62A9269AEAD500F739D7 /* ItemListingBadge.swift */ = {isa = PBXFileReference; lastKnownFileType = sourcecode.swift; path = ItemListingBadge.swift; sourceTree = "<group>"; };
		34A537AF269F80800010530A /* ListingDetailView.swift */ = {isa = PBXFileReference; lastKnownFileType = sourcecode.swift; path = ListingDetailView.swift; sourceTree = "<group>"; };
		34C3693526B4978200F4E811 /* ChatBubble.swift */ = {isa = PBXFileReference; lastKnownFileType = sourcecode.swift; path = ChatBubble.swift; sourceTree = "<group>"; };
		34DE345B26B26B1A000542B3 /* Message.swift */ = {isa = PBXFileReference; lastKnownFileType = sourcecode.swift; path = Message.swift; sourceTree = "<group>"; };
		34DE345D26B31091000542B3 /* ChatsBrowser.swift */ = {isa = PBXFileReference; lastKnownFileType = sourcecode.swift; path = ChatsBrowser.swift; sourceTree = "<group>"; };
		34DE345F26B3127E000542B3 /* MessageRepository.swift */ = {isa = PBXFileReference; lastKnownFileType = sourcecode.swift; path = MessageRepository.swift; sourceTree = "<group>"; };
		34DE346526B3531A000542B3 /* ChatRow.swift */ = {isa = PBXFileReference; lastKnownFileType = sourcecode.swift; path = ChatRow.swift; sourceTree = "<group>"; };
		34F1FB5F2698528D0050BFE7 /* Earthify.app */ = {isa = PBXFileReference; explicitFileType = wrapper.application; includeInIndex = 0; path = Earthify.app; sourceTree = BUILT_PRODUCTS_DIR; };
		34F1FB622698528D0050BFE7 /* AppDelegate.swift */ = {isa = PBXFileReference; lastKnownFileType = sourcecode.swift; path = AppDelegate.swift; sourceTree = "<group>"; };
		34F1FB642698528D0050BFE7 /* SceneDelegate.swift */ = {isa = PBXFileReference; lastKnownFileType = sourcecode.swift; path = SceneDelegate.swift; sourceTree = "<group>"; };
		34F1FB662698528D0050BFE7 /* ContentView.swift */ = {isa = PBXFileReference; lastKnownFileType = sourcecode.swift; path = ContentView.swift; sourceTree = "<group>"; };
		34F1FB682698528E0050BFE7 /* Assets.xcassets */ = {isa = PBXFileReference; lastKnownFileType = folder.assetcatalog; path = Assets.xcassets; sourceTree = "<group>"; };
		34F1FB6B2698528E0050BFE7 /* Preview Assets.xcassets */ = {isa = PBXFileReference; lastKnownFileType = folder.assetcatalog; path = "Preview Assets.xcassets"; sourceTree = "<group>"; };
		34F1FB6E2698528E0050BFE7 /* Base */ = {isa = PBXFileReference; lastKnownFileType = file.storyboard; name = Base; path = Base.lproj/LaunchScreen.storyboard; sourceTree = "<group>"; };
		34F1FB702698528E0050BFE7 /* Info.plist */ = {isa = PBXFileReference; lastKnownFileType = text.plist.xml; path = Info.plist; sourceTree = "<group>"; };
		34F1FB76269853C50050BFE7 /* GoogleService-Info.plist */ = {isa = PBXFileReference; fileEncoding = 4; lastKnownFileType = text.plist.xml; path = "GoogleService-Info.plist"; sourceTree = "<group>"; };
		34F1FB7B269861D30050BFE7 /* Montserrat-Bold.ttf */ = {isa = PBXFileReference; lastKnownFileType = file; path = "Montserrat-Bold.ttf"; sourceTree = "<group>"; };
		34F1FB7C269861D30050BFE7 /* Montserrat-Regular.ttf */ = {isa = PBXFileReference; lastKnownFileType = file; path = "Montserrat-Regular.ttf"; sourceTree = "<group>"; };
		34F1FB7D269861D30050BFE7 /* Montserrat-SemiBold.ttf */ = {isa = PBXFileReference; lastKnownFileType = file; path = "Montserrat-SemiBold.ttf"; sourceTree = "<group>"; };
		34F1FB81269862180050BFE7 /* SplashScreen.swift */ = {isa = PBXFileReference; fileEncoding = 4; lastKnownFileType = sourcecode.swift; path = SplashScreen.swift; sourceTree = "<group>"; };
		34F39E6A26B4575A00626894 /* ChatView.swift */ = {isa = PBXFileReference; lastKnownFileType = sourcecode.swift; path = ChatView.swift; sourceTree = "<group>"; };
		6B6CA30F38E7D30DEEB77EFC /* Pods_Earthify.framework */ = {isa = PBXFileReference; explicitFileType = wrapper.framework; includeInIndex = 0; path = Pods_Earthify.framework; sourceTree = BUILT_PRODUCTS_DIR; };
		DFAD6CF667B4CD3120654361 /* Pods-Earthify.debug.xcconfig */ = {isa = PBXFileReference; includeInIndex = 1; lastKnownFileType = text.xcconfig; name = "Pods-Earthify.debug.xcconfig"; path = "Target Support Files/Pods-Earthify/Pods-Earthify.debug.xcconfig"; sourceTree = "<group>"; };
/* End PBXFileReference section */

/* Begin PBXFrameworksBuildPhase section */
		34F1FB5C2698528D0050BFE7 /* Frameworks */ = {
			isa = PBXFrameworksBuildPhase;
			buildActionMask = 2147483647;
			files = (
				2703C6A2B6E6271CB6372299 /* Pods_Earthify.framework in Frameworks */,
			);
			runOnlyForDeploymentPostprocessing = 0;
		};
/* End PBXFrameworksBuildPhase section */

/* Begin PBXGroup section */
		1EC25EC58D2A49320ABDC627 /* Frameworks */ = {
			isa = PBXGroup;
			children = (
				6B6CA30F38E7D30DEEB77EFC /* Pods_Earthify.framework */,
			);
			name = Frameworks;
			sourceTree = "<group>";
		};
		3491DCD226999012002C0C80 /* DataRepositories */ = {
			isa = PBXGroup;
			children = (
				3491DCD32699902F002C0C80 /* UserRepository.swift */,
				349E62A4269A615000F739D7 /* ItemListingRepository.swift */,
				34DE345F26B3127E000542B3 /* MessageRepository.swift */,
			);
			path = DataRepositories;
			sourceTree = "<group>";
		};
		3491DCD526999049002C0C80 /* DataModels */ = {
			isa = PBXGroup;
			children = (
				3491DCD62699905A002C0C80 /* AppUser.swift */,
				349E62A2269A5F1300F739D7 /* ItemListing.swift */,
				34DE345B26B26B1A000542B3 /* Message.swift */,
			);
			path = DataModels;
			sourceTree = "<group>";
		};
		349580F7269CF90F005A7B5B /* CustomViews */ = {
			isa = PBXGroup;
			children = (
				34958104269D0B64005A7B5B /* ImagePickerView.swift */,
				344A748C26C8660000940ACC /* ProfileImage.swift */,
			);
			path = CustomViews;
			sourceTree = "<group>";
		};
		349580FF269D07C3005A7B5B /* ItemListingViews */ = {
			isa = PBXGroup;
			children = (
				34958102269D0806005A7B5B /* AddListingView.swift */,
				3415D2F126AEF5BE00E8241E /* EditListingView.swift */,
				34A537AF269F80800010530A /* ListingDetailView.swift */,
				3415D2EF26AEDC6F00E8241E /* ManageListingsView.swift */,
			);
			path = ItemListingViews;
			sourceTree = "<group>";
		};
		349E629B269A4C5000F739D7 /* TabViews */ = {
			isa = PBXGroup;
			children = (
				349E629C269A4C6D00F739D7 /* ItemBrowser.swift */,
				34386E9626AD220F0047895B /* SettingsMenu.swift */,
				34DE345D26B31091000542B3 /* ChatsBrowser.swift */,
			);
			path = TabViews;
			sourceTree = "<group>";
		};
		349E62A6269AE9CA00F739D7 /* RowVIews */ = {
			isa = PBXGroup;
			children = (
				349E62A9269AEAD500F739D7 /* ItemListingBadge.swift */,
				34DE346526B3531A000542B3 /* ChatRow.swift */,
				34C3693526B4978200F4E811 /* ChatBubble.swift */,
			);
			path = RowVIews;
			sourceTree = "<group>";
		};
		34F1FB562698528C0050BFE7 = {
			isa = PBXGroup;
			children = (
				34F1FB612698528D0050BFE7 /* Earthify */,
				34F1FB602698528D0050BFE7 /* Products */,
				8D9CFB96670BFC71C355BD37 /* Pods */,
				1EC25EC58D2A49320ABDC627 /* Frameworks */,
			);
			sourceTree = "<group>";
		};
		34F1FB602698528D0050BFE7 /* Products */ = {
			isa = PBXGroup;
			children = (
				34F1FB5F2698528D0050BFE7 /* Earthify.app */,
			);
			name = Products;
			sourceTree = "<group>";
		};
		34F1FB612698528D0050BFE7 /* Earthify */ = {
			isa = PBXGroup;
			children = (
				34F1FB622698528D0050BFE7 /* AppDelegate.swift */,
				34F1FB642698528D0050BFE7 /* SceneDelegate.swift */,
				34F1FB662698528D0050BFE7 /* ContentView.swift */,
				34F1FB81269862180050BFE7 /* SplashScreen.swift */,
				349E629E269A4D0F00F739D7 /* HomeScreen.swift */,
				349E629B269A4C5000F739D7 /* TabViews */,
				349580FF269D07C3005A7B5B /* ItemListingViews */,
				34F39E6926B4573800626894 /* ChatViews */,
				349E62A6269AE9CA00F739D7 /* RowVIews */,
				349580F7269CF90F005A7B5B /* CustomViews */,
				3491DCD526999049002C0C80 /* DataModels */,
				3491DCD226999012002C0C80 /* DataRepositories */,
				34F1FB682698528E0050BFE7 /* Assets.xcassets */,
				34F1FB7A269861C00050BFE7 /* Fonts */,
				34F1FB6D2698528E0050BFE7 /* LaunchScreen.storyboard */,
				34F1FB702698528E0050BFE7 /* Info.plist */,
				34F1FB76269853C50050BFE7 /* GoogleService-Info.plist */,
				34F1FB6A2698528E0050BFE7 /* Preview Content */,
			);
			path = Earthify;
			sourceTree = "<group>";
		};
		34F1FB6A2698528E0050BFE7 /* Preview Content */ = {
			isa = PBXGroup;
			children = (
				34F1FB6B2698528E0050BFE7 /* Preview Assets.xcassets */,
			);
			path = "Preview Content";
			sourceTree = "<group>";
		};
		34F1FB7A269861C00050BFE7 /* Fonts */ = {
			isa = PBXGroup;
			children = (
				34F1FB7B269861D30050BFE7 /* Montserrat-Bold.ttf */,
				34F1FB7D269861D30050BFE7 /* Montserrat-SemiBold.ttf */,
				34F1FB7C269861D30050BFE7 /* Montserrat-Regular.ttf */,
			);
			path = Fonts;
			sourceTree = "<group>";
		};
		34F39E6926B4573800626894 /* ChatViews */ = {
			isa = PBXGroup;
			children = (
				34F39E6A26B4575A00626894 /* ChatView.swift */,
			);
			path = ChatViews;
			sourceTree = "<group>";
		};
		8D9CFB96670BFC71C355BD37 /* Pods */ = {
			isa = PBXGroup;
			children = (
				DFAD6CF667B4CD3120654361 /* Pods-Earthify.debug.xcconfig */,
				036A8436C01959B24F2C2DBF /* Pods-Earthify.release.xcconfig */,
			);
			path = Pods;
			sourceTree = "<group>";
		};
/* End PBXGroup section */

/* Begin PBXNativeTarget section */
		34F1FB5E2698528D0050BFE7 /* Earthify */ = {
			isa = PBXNativeTarget;
			buildConfigurationList = 34F1FB732698528F0050BFE7 /* Build configuration list for PBXNativeTarget "Earthify" */;
			buildPhases = (
				F5E958B807E4494D465AA4F9 /* [CP] Check Pods Manifest.lock */,
				34F1FB5B2698528D0050BFE7 /* Sources */,
				34F1FB5C2698528D0050BFE7 /* Frameworks */,
				34F1FB5D2698528D0050BFE7 /* Resources */,
				9760303DA197270275D14140 /* [CP] Embed Pods Frameworks */,
				5A6BBC3E3D4C921E21B534E6 /* [CP] Copy Pods Resources */,
			);
			buildRules = (
			);
			dependencies = (
			);
			name = Earthify;
			productName = Earthify;
			productReference = 34F1FB5F2698528D0050BFE7 /* Earthify.app */;
			productType = "com.apple.product-type.application";
		};
/* End PBXNativeTarget section */

/* Begin PBXProject section */
		34F1FB572698528C0050BFE7 /* Project object */ = {
			isa = PBXProject;
			attributes = {
				LastSwiftUpdateCheck = 1250;
				LastUpgradeCheck = 1250;
				TargetAttributes = {
					34F1FB5E2698528D0050BFE7 = {
						CreatedOnToolsVersion = 12.5.1;
					};
				};
			};
			buildConfigurationList = 34F1FB5A2698528D0050BFE7 /* Build configuration list for PBXProject "Earthify" */;
			compatibilityVersion = "Xcode 9.3";
			developmentRegion = en;
			hasScannedForEncodings = 0;
			knownRegions = (
				en,
				Base,
			);
			mainGroup = 34F1FB562698528C0050BFE7;
			productRefGroup = 34F1FB602698528D0050BFE7 /* Products */;
			projectDirPath = "";
			projectRoot = "";
			targets = (
				34F1FB5E2698528D0050BFE7 /* Earthify */,
			);
		};
/* End PBXProject section */

/* Begin PBXResourcesBuildPhase section */
		34F1FB5D2698528D0050BFE7 /* Resources */ = {
			isa = PBXResourcesBuildPhase;
			buildActionMask = 2147483647;
			files = (
				34F1FB7F269861D30050BFE7 /* Montserrat-Regular.ttf in Resources */,
				34F1FB7E269861D30050BFE7 /* Montserrat-Bold.ttf in Resources */,
				34F1FB6F2698528E0050BFE7 /* LaunchScreen.storyboard in Resources */,
				34F1FB80269861D30050BFE7 /* Montserrat-SemiBold.ttf in Resources */,
				34F1FB77269853C50050BFE7 /* GoogleService-Info.plist in Resources */,
				34F1FB6C2698528E0050BFE7 /* Preview Assets.xcassets in Resources */,
				34F1FB692698528E0050BFE7 /* Assets.xcassets in Resources */,
			);
			runOnlyForDeploymentPostprocessing = 0;
		};
/* End PBXResourcesBuildPhase section */

/* Begin PBXShellScriptBuildPhase section */
		5A6BBC3E3D4C921E21B534E6 /* [CP] Copy Pods Resources */ = {
			isa = PBXShellScriptBuildPhase;
			buildActionMask = 2147483647;
			files = (
			);
			inputFileListPaths = (
				"${PODS_ROOT}/Target Support Files/Pods-Earthify/Pods-Earthify-resources-${CONFIGURATION}-input-files.xcfilelist",
			);
			name = "[CP] Copy Pods Resources";
			outputFileListPaths = (
				"${PODS_ROOT}/Target Support Files/Pods-Earthify/Pods-Earthify-resources-${CONFIGURATION}-output-files.xcfilelist",
			);
			runOnlyForDeploymentPostprocessing = 0;
			shellPath = /bin/sh;
			shellScript = "\"${PODS_ROOT}/Target Support Files/Pods-Earthify/Pods-Earthify-resources.sh\"\n";
			showEnvVarsInLog = 0;
		};
		9760303DA197270275D14140 /* [CP] Embed Pods Frameworks */ = {
			isa = PBXShellScriptBuildPhase;
			buildActionMask = 2147483647;
			files = (
			);
			inputFileListPaths = (
				"${PODS_ROOT}/Target Support Files/Pods-Earthify/Pods-Earthify-frameworks-${CONFIGURATION}-input-files.xcfilelist",
			);
			name = "[CP] Embed Pods Frameworks";
			outputFileListPaths = (
				"${PODS_ROOT}/Target Support Files/Pods-Earthify/Pods-Earthify-frameworks-${CONFIGURATION}-output-files.xcfilelist",
			);
			runOnlyForDeploymentPostprocessing = 0;
			shellPath = /bin/sh;
			shellScript = "\"${PODS_ROOT}/Target Support Files/Pods-Earthify/Pods-Earthify-frameworks.sh\"\n";
			showEnvVarsInLog = 0;
		};
		F5E958B807E4494D465AA4F9 /* [CP] Check Pods Manifest.lock */ = {
			isa = PBXShellScriptBuildPhase;
			buildActionMask = 2147483647;
			files = (
			);
			inputFileListPaths = (
			);
			inputPaths = (
				"${PODS_PODFILE_DIR_PATH}/Podfile.lock",
				"${PODS_ROOT}/Manifest.lock",
			);
			name = "[CP] Check Pods Manifest.lock";
			outputFileListPaths = (
			);
			outputPaths = (
				"$(DERIVED_FILE_DIR)/Pods-Earthify-checkManifestLockResult.txt",
			);
			runOnlyForDeploymentPostprocessing = 0;
			shellPath = /bin/sh;
			shellScript = "diff \"${PODS_PODFILE_DIR_PATH}/Podfile.lock\" \"${PODS_ROOT}/Manifest.lock\" > /dev/null\nif [ $? != 0 ] ; then\n    # print error to STDERR\n    echo \"error: The sandbox is not in sync with the Podfile.lock. Run 'pod install' or update your CocoaPods installation.\" >&2\n    exit 1\nfi\n# This output is used by Xcode 'outputs' to avoid re-running this script phase.\necho \"SUCCESS\" > \"${SCRIPT_OUTPUT_FILE_0}\"\n";
			showEnvVarsInLog = 0;
		};
/* End PBXShellScriptBuildPhase section */

/* Begin PBXSourcesBuildPhase section */
		34F1FB5B2698528D0050BFE7 /* Sources */ = {
			isa = PBXSourcesBuildPhase;
			buildActionMask = 2147483647;
			files = (
				34DE346626B3531A000542B3 /* ChatRow.swift in Sources */,
				344A748D26C8660100940ACC /* ProfileImage.swift in Sources */,
				34F1FB82269862180050BFE7 /* SplashScreen.swift in Sources */,
				34F39E6B26B4575A00626894 /* ChatView.swift in Sources */,
				349E62A3269A5F1300F739D7 /* ItemListing.swift in Sources */,
				349E629D269A4C6E00F739D7 /* ItemBrowser.swift in Sources */,
				34386E9726AD220F0047895B /* SettingsMenu.swift in Sources */,
				349E62A5269A615000F739D7 /* ItemListingRepository.swift in Sources */,
				34C3693626B4978200F4E811 /* ChatBubble.swift in Sources */,
				34958105269D0B64005A7B5B /* ImagePickerView.swift in Sources */,
				34F1FB632698528D0050BFE7 /* AppDelegate.swift in Sources */,
				34DE345C26B26B1A000542B3 /* Message.swift in Sources */,
				34DE345E26B31091000542B3 /* ChatsBrowser.swift in Sources */,
				3415D2F026AEDC6F00E8241E /* ManageListingsView.swift in Sources */,
				34DE346026B3127E000542B3 /* MessageRepository.swift in Sources */,
				34A537B0269F80800010530A /* ListingDetailView.swift in Sources */,
				34F1FB652698528D0050BFE7 /* SceneDelegate.swift in Sources */,
				349E629F269A4D0F00F739D7 /* HomeScreen.swift in Sources */,
				3491DCD42699902F002C0C80 /* UserRepository.swift in Sources */,
				34958103269D0806005A7B5B /* AddListingView.swift in Sources */,
				3491DCD72699905A002C0C80 /* AppUser.swift in Sources */,
				3415D2F226AEF5BE00E8241E /* EditListingView.swift in Sources */,
				34F1FB672698528D0050BFE7 /* ContentView.swift in Sources */,
				349E62AA269AEAD500F739D7 /* ItemListingBadge.swift in Sources */,
			);
			runOnlyForDeploymentPostprocessing = 0;
		};
/* End PBXSourcesBuildPhase section */

/* Begin PBXVariantGroup section */
		34F1FB6D2698528E0050BFE7 /* LaunchScreen.storyboard */ = {
			isa = PBXVariantGroup;
			children = (
				34F1FB6E2698528E0050BFE7 /* Base */,
			);
			name = LaunchScreen.storyboard;
			sourceTree = "<group>";
		};
/* End PBXVariantGroup section */

/* Begin XCBuildConfiguration section */
		34F1FB712698528E0050BFE7 /* Debug */ = {
			isa = XCBuildConfiguration;
			buildSettings = {
				ALWAYS_SEARCH_USER_PATHS = NO;
				CLANG_ANALYZER_NONNULL = YES;
				CLANG_ANALYZER_NUMBER_OBJECT_CONVERSION = YES_AGGRESSIVE;
				CLANG_CXX_LANGUAGE_STANDARD = "gnu++14";
				CLANG_CXX_LIBRARY = "libc++";
				CLANG_ENABLE_MODULES = YES;
				CLANG_ENABLE_OBJC_ARC = YES;
				CLANG_ENABLE_OBJC_WEAK = YES;
				CLANG_WARN_BLOCK_CAPTURE_AUTORELEASING = YES;
				CLANG_WARN_BOOL_CONVERSION = YES;
				CLANG_WARN_COMMA = YES;
				CLANG_WARN_CONSTANT_CONVERSION = YES;
				CLANG_WARN_DEPRECATED_OBJC_IMPLEMENTATIONS = YES;
				CLANG_WARN_DIRECT_OBJC_ISA_USAGE = YES_ERROR;
				CLANG_WARN_DOCUMENTATION_COMMENTS = YES;
				CLANG_WARN_EMPTY_BODY = YES;
				CLANG_WARN_ENUM_CONVERSION = YES;
				CLANG_WARN_INFINITE_RECURSION = YES;
				CLANG_WARN_INT_CONVERSION = YES;
				CLANG_WARN_NON_LITERAL_NULL_CONVERSION = YES;
				CLANG_WARN_OBJC_IMPLICIT_RETAIN_SELF = YES;
				CLANG_WARN_OBJC_LITERAL_CONVERSION = YES;
				CLANG_WARN_OBJC_ROOT_CLASS = YES_ERROR;
				CLANG_WARN_QUOTED_INCLUDE_IN_FRAMEWORK_HEADER = YES;
				CLANG_WARN_RANGE_LOOP_ANALYSIS = YES;
				CLANG_WARN_STRICT_PROTOTYPES = YES;
				CLANG_WARN_SUSPICIOUS_MOVE = YES;
				CLANG_WARN_UNGUARDED_AVAILABILITY = YES_AGGRESSIVE;
				CLANG_WARN_UNREACHABLE_CODE = YES;
				CLANG_WARN__DUPLICATE_METHOD_MATCH = YES;
				COPY_PHASE_STRIP = NO;
				DEBUG_INFORMATION_FORMAT = dwarf;
				ENABLE_STRICT_OBJC_MSGSEND = YES;
				ENABLE_TESTABILITY = YES;
				GCC_C_LANGUAGE_STANDARD = gnu11;
				GCC_DYNAMIC_NO_PIC = NO;
				GCC_NO_COMMON_BLOCKS = YES;
				GCC_OPTIMIZATION_LEVEL = 0;
				GCC_PREPROCESSOR_DEFINITIONS = (
					"DEBUG=1",
					"$(inherited)",
				);
				GCC_WARN_64_TO_32_BIT_CONVERSION = YES;
				GCC_WARN_ABOUT_RETURN_TYPE = YES_ERROR;
				GCC_WARN_UNDECLARED_SELECTOR = YES;
				GCC_WARN_UNINITIALIZED_AUTOS = YES_AGGRESSIVE;
				GCC_WARN_UNUSED_FUNCTION = YES;
				GCC_WARN_UNUSED_VARIABLE = YES;
				IPHONEOS_DEPLOYMENT_TARGET = 14.5;
				MTL_ENABLE_DEBUG_INFO = INCLUDE_SOURCE;
				MTL_FAST_MATH = YES;
				ONLY_ACTIVE_ARCH = YES;
				SDKROOT = iphoneos;
				SWIFT_ACTIVE_COMPILATION_CONDITIONS = DEBUG;
				SWIFT_OPTIMIZATION_LEVEL = "-Onone";
			};
			name = Debug;
		};
		34F1FB722698528E0050BFE7 /* Release */ = {
			isa = XCBuildConfiguration;
			buildSettings = {
				ALWAYS_SEARCH_USER_PATHS = NO;
				CLANG_ANALYZER_NONNULL = YES;
				CLANG_ANALYZER_NUMBER_OBJECT_CONVERSION = YES_AGGRESSIVE;
				CLANG_CXX_LANGUAGE_STANDARD = "gnu++14";
				CLANG_CXX_LIBRARY = "libc++";
				CLANG_ENABLE_MODULES = YES;
				CLANG_ENABLE_OBJC_ARC = YES;
				CLANG_ENABLE_OBJC_WEAK = YES;
				CLANG_WARN_BLOCK_CAPTURE_AUTORELEASING = YES;
				CLANG_WARN_BOOL_CONVERSION = YES;
				CLANG_WARN_COMMA = YES;
				CLANG_WARN_CONSTANT_CONVERSION = YES;
				CLANG_WARN_DEPRECATED_OBJC_IMPLEMENTATIONS = YES;
				CLANG_WARN_DIRECT_OBJC_ISA_USAGE = YES_ERROR;
				CLANG_WARN_DOCUMENTATION_COMMENTS = YES;
				CLANG_WARN_EMPTY_BODY = YES;
				CLANG_WARN_ENUM_CONVERSION = YES;
				CLANG_WARN_INFINITE_RECURSION = YES;
				CLANG_WARN_INT_CONVERSION = YES;
				CLANG_WARN_NON_LITERAL_NULL_CONVERSION = YES;
				CLANG_WARN_OBJC_IMPLICIT_RETAIN_SELF = YES;
				CLANG_WARN_OBJC_LITERAL_CONVERSION = YES;
				CLANG_WARN_OBJC_ROOT_CLASS = YES_ERROR;
				CLANG_WARN_QUOTED_INCLUDE_IN_FRAMEWORK_HEADER = YES;
				CLANG_WARN_RANGE_LOOP_ANALYSIS = YES;
				CLANG_WARN_STRICT_PROTOTYPES = YES;
				CLANG_WARN_SUSPICIOUS_MOVE = YES;
				CLANG_WARN_UNGUARDED_AVAILABILITY = YES_AGGRESSIVE;
				CLANG_WARN_UNREACHABLE_CODE = YES;
				CLANG_WARN__DUPLICATE_METHOD_MATCH = YES;
				COPY_PHASE_STRIP = NO;
				DEBUG_INFORMATION_FORMAT = "dwarf-with-dsym";
				ENABLE_NS_ASSERTIONS = NO;
				ENABLE_STRICT_OBJC_MSGSEND = YES;
				GCC_C_LANGUAGE_STANDARD = gnu11;
				GCC_NO_COMMON_BLOCKS = YES;
				GCC_WARN_64_TO_32_BIT_CONVERSION = YES;
				GCC_WARN_ABOUT_RETURN_TYPE = YES_ERROR;
				GCC_WARN_UNDECLARED_SELECTOR = YES;
				GCC_WARN_UNINITIALIZED_AUTOS = YES_AGGRESSIVE;
				GCC_WARN_UNUSED_FUNCTION = YES;
				GCC_WARN_UNUSED_VARIABLE = YES;
				IPHONEOS_DEPLOYMENT_TARGET = 14.5;
				MTL_ENABLE_DEBUG_INFO = NO;
				MTL_FAST_MATH = YES;
				SDKROOT = iphoneos;
				SWIFT_COMPILATION_MODE = wholemodule;
				SWIFT_OPTIMIZATION_LEVEL = "-O";
				VALIDATE_PRODUCT = YES;
			};
			name = Release;
		};
		34F1FB742698528F0050BFE7 /* Debug */ = {
			isa = XCBuildConfiguration;
			baseConfigurationReference = DFAD6CF667B4CD3120654361 /* Pods-Earthify.debug.xcconfig */;
			buildSettings = {
				ASSETCATALOG_COMPILER_APPICON_NAME = AppIcon;
				ASSETCATALOG_COMPILER_GLOBAL_ACCENT_COLOR_NAME = AccentColor;
				CODE_SIGN_IDENTITY = "Apple Development";
				CODE_SIGN_STYLE = Automatic;
				DEVELOPMENT_ASSET_PATHS = "\"Earthify/Preview Content\"";
				DEVELOPMENT_TEAM = U29V6K83J6;
				ENABLE_PREVIEWS = YES;
				INFOPLIST_FILE = Earthify/Info.plist;
				IPHONEOS_DEPLOYMENT_TARGET = 15.0;
				LD_RUNPATH_SEARCH_PATHS = (
					"$(inherited)",
					"@executable_path/Frameworks",
				);
				PRODUCT_BUNDLE_IDENTIFIER = com.mysterycoder456.Earthify;
				PRODUCT_NAME = "$(TARGET_NAME)";
				PROVISIONING_PROFILE_SPECIFIER = "";
				SWIFT_VERSION = 5.0;
				TARGETED_DEVICE_FAMILY = 1;
			};
			name = Debug;
		};
		34F1FB752698528F0050BFE7 /* Release */ = {
			isa = XCBuildConfiguration;
			baseConfigurationReference = 036A8436C01959B24F2C2DBF /* Pods-Earthify.release.xcconfig */;
			buildSettings = {
				ASSETCATALOG_COMPILER_APPICON_NAME = AppIcon;
				ASSETCATALOG_COMPILER_GLOBAL_ACCENT_COLOR_NAME = AccentColor;
				CODE_SIGN_IDENTITY = "Apple Development";
				CODE_SIGN_STYLE = Automatic;
				DEVELOPMENT_ASSET_PATHS = "\"Earthify/Preview Content\"";
				DEVELOPMENT_TEAM = U29V6K83J6;
				ENABLE_PREVIEWS = YES;
				INFOPLIST_FILE = Earthify/Info.plist;
				IPHONEOS_DEPLOYMENT_TARGET = 15.0;
				LD_RUNPATH_SEARCH_PATHS = (
					"$(inherited)",
					"@executable_path/Frameworks",
				);
				PRODUCT_BUNDLE_IDENTIFIER = com.mysterycoder456.Earthify;
				PRODUCT_NAME = "$(TARGET_NAME)";
				PROVISIONING_PROFILE_SPECIFIER = "";
				SWIFT_VERSION = 5.0;
				TARGETED_DEVICE_FAMILY = 1;
			};
			name = Release;
		};
/* End XCBuildConfiguration section */

/* Begin XCConfigurationList section */
		34F1FB5A2698528D0050BFE7 /* Build configuration list for PBXProject "Earthify" */ = {
			isa = XCConfigurationList;
			buildConfigurations = (
				34F1FB712698528E0050BFE7 /* Debug */,
				34F1FB722698528E0050BFE7 /* Release */,
			);
			defaultConfigurationIsVisible = 0;
			defaultConfigurationName = Release;
		};
		34F1FB732698528F0050BFE7 /* Build configuration list for PBXNativeTarget "Earthify" */ = {
			isa = XCConfigurationList;
			buildConfigurations = (
				34F1FB742698528F0050BFE7 /* Debug */,
				34F1FB752698528F0050BFE7 /* Release */,
			);
			defaultConfigurationIsVisible = 0;
			defaultConfigurationName = Release;
		};
/* End XCConfigurationList section */
	};
	rootObject = 34F1FB572698528C0050BFE7 /* Project object */;
}
