// !$*UTF8*$!
{
	archiveVersion = 1;
	classes = {
	};
	objectVersion = 50;
	objects = {

/* Begin PBXBuildFile section */
		34CA7A52269756A800EA637E /* EarthifyApp.swift in Sources */ = {isa = PBXBuildFile; fileRef = 34CA7A51269756A800EA637E /* EarthifyApp.swift */; };
		34CA7A54269756A800EA637E /* ContentView.swift in Sources */ = {isa = PBXBuildFile; fileRef = 34CA7A53269756A800EA637E /* ContentView.swift */; };
		34CA7A56269756AD00EA637E /* Assets.xcassets in Resources */ = {isa = PBXBuildFile; fileRef = 34CA7A55269756AD00EA637E /* Assets.xcassets */; };
		34CA7A59269756AD00EA637E /* Preview Assets.xcassets in Resources */ = {isa = PBXBuildFile; fileRef = 34CA7A58269756AD00EA637E /* Preview Assets.xcassets */; };
		34CA7A622697573F00EA637E /* SplashScreen.swift in Sources */ = {isa = PBXBuildFile; fileRef = 34CA7A612697573F00EA637E /* SplashScreen.swift */; };
		34CA7A65269773B700EA637E /* Montserrat-Regular.ttf in Resources */ = {isa = PBXBuildFile; fileRef = 34CA7A64269773B700EA637E /* Montserrat-Regular.ttf */; };
		34CA7A67269773CE00EA637E /* Montserrat-Bold.ttf in Resources */ = {isa = PBXBuildFile; fileRef = 34CA7A66269773CE00EA637E /* Montserrat-Bold.ttf */; };
		34CA7A69269773E200EA637E /* Montserrat-SemiBold.ttf in Resources */ = {isa = PBXBuildFile; fileRef = 34CA7A68269773E200EA637E /* Montserrat-SemiBold.ttf */; };
/* End PBXBuildFile section */

/* Begin PBXFileReference section */
		34CA7A4E269756A800EA637E /* Earthify.app */ = {isa = PBXFileReference; explicitFileType = wrapper.application; includeInIndex = 0; path = Earthify.app; sourceTree = BUILT_PRODUCTS_DIR; };
		34CA7A51269756A800EA637E /* EarthifyApp.swift */ = {isa = PBXFileReference; lastKnownFileType = sourcecode.swift; path = EarthifyApp.swift; sourceTree = "<group>"; };
		34CA7A53269756A800EA637E /* ContentView.swift */ = {isa = PBXFileReference; lastKnownFileType = sourcecode.swift; path = ContentView.swift; sourceTree = "<group>"; };
		34CA7A55269756AD00EA637E /* Assets.xcassets */ = {isa = PBXFileReference; lastKnownFileType = folder.assetcatalog; path = Assets.xcassets; sourceTree = "<group>"; };
		34CA7A58269756AD00EA637E /* Preview Assets.xcassets */ = {isa = PBXFileReference; lastKnownFileType = folder.assetcatalog; path = "Preview Assets.xcassets"; sourceTree = "<group>"; };
		34CA7A5A269756AD00EA637E /* Info.plist */ = {isa = PBXFileReference; lastKnownFileType = text.plist.xml; path = Info.plist; sourceTree = "<group>"; };
		34CA7A612697573F00EA637E /* SplashScreen.swift */ = {isa = PBXFileReference; lastKnownFileType = sourcecode.swift; path = SplashScreen.swift; sourceTree = "<group>"; };
		34CA7A64269773B700EA637E /* Montserrat-Regular.ttf */ = {isa = PBXFileReference; lastKnownFileType = file; path = "Montserrat-Regular.ttf"; sourceTree = "<group>"; };
		34CA7A66269773CE00EA637E /* Montserrat-Bold.ttf */ = {isa = PBXFileReference; lastKnownFileType = file; path = "Montserrat-Bold.ttf"; sourceTree = "<group>"; };
		34CA7A68269773E200EA637E /* Montserrat-SemiBold.ttf */ = {isa = PBXFileReference; lastKnownFileType = file; path = "Montserrat-SemiBold.ttf"; sourceTree = "<group>"; };
/* End PBXFileReference section */

/* Begin PBXFrameworksBuildPhase section */
		34CA7A4B269756A800EA637E /* Frameworks */ = {
			isa = PBXFrameworksBuildPhase;
			buildActionMask = 2147483647;
			files = (
			);
			runOnlyForDeploymentPostprocessing = 0;
		};
/* End PBXFrameworksBuildPhase section */

/* Begin PBXGroup section */
		34CA7A45269756A800EA637E = {
			isa = PBXGroup;
			children = (
				34CA7A50269756A800EA637E /* Earthify */,
				34CA7A4F269756A800EA637E /* Products */,
			);
			sourceTree = "<group>";
		};
		34CA7A4F269756A800EA637E /* Products */ = {
			isa = PBXGroup;
			children = (
				34CA7A4E269756A800EA637E /* Earthify.app */,
			);
			name = Products;
			sourceTree = "<group>";
		};
		34CA7A50269756A800EA637E /* Earthify */ = {
			isa = PBXGroup;
			children = (
				34CA7A51269756A800EA637E /* EarthifyApp.swift */,
				34CA7A53269756A800EA637E /* ContentView.swift */,
				34CA7A612697573F00EA637E /* SplashScreen.swift */,
				34CA7A602697570A00EA637E /* Authentication */,
				34CA7A55269756AD00EA637E /* Assets.xcassets */,
				34CA7A632697738500EA637E /* Fonts */,
				34CA7A5A269756AD00EA637E /* Info.plist */,
				34CA7A57269756AD00EA637E /* Preview Content */,
			);
			path = Earthify;
			sourceTree = "<group>";
		};
		34CA7A57269756AD00EA637E /* Preview Content */ = {
			isa = PBXGroup;
			children = (
				34CA7A58269756AD00EA637E /* Preview Assets.xcassets */,
			);
			path = "Preview Content";
			sourceTree = "<group>";
		};
		34CA7A602697570A00EA637E /* Authentication */ = {
			isa = PBXGroup;
			children = (
			);
			path = Authentication;
			sourceTree = "<group>";
		};
		34CA7A632697738500EA637E /* Fonts */ = {
			isa = PBXGroup;
			children = (
				34CA7A66269773CE00EA637E /* Montserrat-Bold.ttf */,
				34CA7A68269773E200EA637E /* Montserrat-SemiBold.ttf */,
				34CA7A64269773B700EA637E /* Montserrat-Regular.ttf */,
			);
			path = Fonts;
			sourceTree = "<group>";
		};
/* End PBXGroup section */

/* Begin PBXNativeTarget section */
		34CA7A4D269756A800EA637E /* Earthify */ = {
			isa = PBXNativeTarget;
			buildConfigurationList = 34CA7A5D269756AD00EA637E /* Build configuration list for PBXNativeTarget "Earthify" */;
			buildPhases = (
				34CA7A4A269756A800EA637E /* Sources */,
				34CA7A4B269756A800EA637E /* Frameworks */,
				34CA7A4C269756A800EA637E /* Resources */,
			);
			buildRules = (
			);
			dependencies = (
			);
			name = Earthify;
			productName = Earthify;
			productReference = 34CA7A4E269756A800EA637E /* Earthify.app */;
			productType = "com.apple.product-type.application";
		};
/* End PBXNativeTarget section */

/* Begin PBXProject section */
		34CA7A46269756A800EA637E /* Project object */ = {
			isa = PBXProject;
			attributes = {
				LastSwiftUpdateCheck = 1250;
				LastUpgradeCheck = 1250;
				TargetAttributes = {
					34CA7A4D269756A800EA637E = {
						CreatedOnToolsVersion = 12.5.1;
					};
				};
			};
			buildConfigurationList = 34CA7A49269756A800EA637E /* Build configuration list for PBXProject "Earthify" */;
			compatibilityVersion = "Xcode 9.3";
			developmentRegion = en;
			hasScannedForEncodings = 0;
			knownRegions = (
				en,
				Base,
			);
			mainGroup = 34CA7A45269756A800EA637E;
			productRefGroup = 34CA7A4F269756A800EA637E /* Products */;
			projectDirPath = "";
			projectRoot = "";
			targets = (
				34CA7A4D269756A800EA637E /* Earthify */,
			);
		};
/* End PBXProject section */

/* Begin PBXResourcesBuildPhase section */
		34CA7A4C269756A800EA637E /* Resources */ = {
			isa = PBXResourcesBuildPhase;
			buildActionMask = 2147483647;
			files = (
				34CA7A67269773CE00EA637E /* Montserrat-Bold.ttf in Resources */,
				34CA7A65269773B700EA637E /* Montserrat-Regular.ttf in Resources */,
				34CA7A59269756AD00EA637E /* Preview Assets.xcassets in Resources */,
				34CA7A56269756AD00EA637E /* Assets.xcassets in Resources */,
				34CA7A69269773E200EA637E /* Montserrat-SemiBold.ttf in Resources */,
			);
			runOnlyForDeploymentPostprocessing = 0;
		};
/* End PBXResourcesBuildPhase section */

/* Begin PBXSourcesBuildPhase section */
		34CA7A4A269756A800EA637E /* Sources */ = {
			isa = PBXSourcesBuildPhase;
			buildActionMask = 2147483647;
			files = (
				34CA7A622697573F00EA637E /* SplashScreen.swift in Sources */,
				34CA7A54269756A800EA637E /* ContentView.swift in Sources */,
				34CA7A52269756A800EA637E /* EarthifyApp.swift in Sources */,
			);
			runOnlyForDeploymentPostprocessing = 0;
		};
/* End PBXSourcesBuildPhase section */

/* Begin XCBuildConfiguration section */
		34CA7A5B269756AD00EA637E /* Debug */ = {
			isa = XCBuildConfiguration;
			buildSettings = {
				ALWAYS_SEARCH_USER_PATHS = NO;
				CLANG_ANALYZER_NONNULL = YES;
				CLANG_ANALYZER_NUMBER_OBJECT_CONVERSION = YES_AGGRESSIVE;
				CLANG_CXX_LANGUAGE_STANDARD = "gnu++14";
				CLANG_CXX_LIBRARY = "libc++";
				CLANG_ENABLE_MODULES = YES;
				CLANG_ENABLE_OBJC_ARC = YES;
				CLANG_ENABLE_OBJC_WEAK = YES;
				CLANG_WARN_BLOCK_CAPTURE_AUTORELEASING = YES;
				CLANG_WARN_BOOL_CONVERSION = YES;
				CLANG_WARN_COMMA = YES;
				CLANG_WARN_CONSTANT_CONVERSION = YES;
				CLANG_WARN_DEPRECATED_OBJC_IMPLEMENTATIONS = YES;
				CLANG_WARN_DIRECT_OBJC_ISA_USAGE = YES_ERROR;
				CLANG_WARN_DOCUMENTATION_COMMENTS = YES;
				CLANG_WARN_EMPTY_BODY = YES;
				CLANG_WARN_ENUM_CONVERSION = YES;
				CLANG_WARN_INFINITE_RECURSION = YES;
				CLANG_WARN_INT_CONVERSION = YES;
				CLANG_WARN_NON_LITERAL_NULL_CONVERSION = YES;
				CLANG_WARN_OBJC_IMPLICIT_RETAIN_SELF = YES;
				CLANG_WARN_OBJC_LITERAL_CONVERSION = YES;
				CLANG_WARN_OBJC_ROOT_CLASS = YES_ERROR;
				CLANG_WARN_QUOTED_INCLUDE_IN_FRAMEWORK_HEADER = YES;
				CLANG_WARN_RANGE_LOOP_ANALYSIS = YES;
				CLANG_WARN_STRICT_PROTOTYPES = YES;
				CLANG_WARN_SUSPICIOUS_MOVE = YES;
				CLANG_WARN_UNGUARDED_AVAILABILITY = YES_AGGRESSIVE;
				CLANG_WARN_UNREACHABLE_CODE = YES;
				CLANG_WARN__DUPLICATE_METHOD_MATCH = YES;
				COPY_PHASE_STRIP = NO;
				DEBUG_INFORMATION_FORMAT = dwarf;
				ENABLE_STRICT_OBJC_MSGSEND = YES;
				ENABLE_TESTABILITY = YES;
				GCC_C_LANGUAGE_STANDARD = gnu11;
				GCC_DYNAMIC_NO_PIC = NO;
				GCC_NO_COMMON_BLOCKS = YES;
				GCC_OPTIMIZATION_LEVEL = 0;
				GCC_PREPROCESSOR_DEFINITIONS = (
					"DEBUG=1",
					"$(inherited)",
				);
				GCC_WARN_64_TO_32_BIT_CONVERSION = YES;
				GCC_WARN_ABOUT_RETURN_TYPE = YES_ERROR;
				GCC_WARN_UNDECLARED_SELECTOR = YES;
				GCC_WARN_UNINITIALIZED_AUTOS = YES_AGGRESSIVE;
				GCC_WARN_UNUSED_FUNCTION = YES;
				GCC_WARN_UNUSED_VARIABLE = YES;
				IPHONEOS_DEPLOYMENT_TARGET = 14.5;
				MTL_ENABLE_DEBUG_INFO = INCLUDE_SOURCE;
				MTL_FAST_MATH = YES;
				ONLY_ACTIVE_ARCH = YES;
				SDKROOT = iphoneos;
				SWIFT_ACTIVE_COMPILATION_CONDITIONS = DEBUG;
				SWIFT_OPTIMIZATION_LEVEL = "-Onone";
			};
			name = Debug;
		};
		34CA7A5C269756AD00EA637E /* Release */ = {
			isa = XCBuildConfiguration;
			buildSettings = {
				ALWAYS_SEARCH_USER_PATHS = NO;
				CLANG_ANALYZER_NONNULL = YES;
				CLANG_ANALYZER_NUMBER_OBJECT_CONVERSION = YES_AGGRESSIVE;
				CLANG_CXX_LANGUAGE_STANDARD = "gnu++14";
				CLANG_CXX_LIBRARY = "libc++";
				CLANG_ENABLE_MODULES = YES;
				CLANG_ENABLE_OBJC_ARC = YES;
				CLANG_ENABLE_OBJC_WEAK = YES;
				CLANG_WARN_BLOCK_CAPTURE_AUTORELEASING = YES;
				CLANG_WARN_BOOL_CONVERSION = YES;
				CLANG_WARN_COMMA = YES;
				CLANG_WARN_CONSTANT_CONVERSION = YES;
				CLANG_WARN_DEPRECATED_OBJC_IMPLEMENTATIONS = YES;
				CLANG_WARN_DIRECT_OBJC_ISA_USAGE = YES_ERROR;
				CLANG_WARN_DOCUMENTATION_COMMENTS = YES;
				CLANG_WARN_EMPTY_BODY = YES;
				CLANG_WARN_ENUM_CONVERSION = YES;
				CLANG_WARN_INFINITE_RECURSION = YES;
				CLANG_WARN_INT_CONVERSION = YES;
				CLANG_WARN_NON_LITERAL_NULL_CONVERSION = YES;
				CLANG_WARN_OBJC_IMPLICIT_RETAIN_SELF = YES;
				CLANG_WARN_OBJC_LITERAL_CONVERSION = YES;
				CLANG_WARN_OBJC_ROOT_CLASS = YES_ERROR;
				CLANG_WARN_QUOTED_INCLUDE_IN_FRAMEWORK_HEADER = YES;
				CLANG_WARN_RANGE_LOOP_ANALYSIS = YES;
				CLANG_WARN_STRICT_PROTOTYPES = YES;
				CLANG_WARN_SUSPICIOUS_MOVE = YES;
				CLANG_WARN_UNGUARDED_AVAILABILITY = YES_AGGRESSIVE;
				CLANG_WARN_UNREACHABLE_CODE = YES;
				CLANG_WARN__DUPLICATE_METHOD_MATCH = YES;
				COPY_PHASE_STRIP = NO;
				DEBUG_INFORMATION_FORMAT = "dwarf-with-dsym";
				ENABLE_NS_ASSERTIONS = NO;
				ENABLE_STRICT_OBJC_MSGSEND = YES;
				GCC_C_LANGUAGE_STANDARD = gnu11;
				GCC_NO_COMMON_BLOCKS = YES;
				GCC_WARN_64_TO_32_BIT_CONVERSION = YES;
				GCC_WARN_ABOUT_RETURN_TYPE = YES_ERROR;
				GCC_WARN_UNDECLARED_SELECTOR = YES;
				GCC_WARN_UNINITIALIZED_AUTOS = YES_AGGRESSIVE;
				GCC_WARN_UNUSED_FUNCTION = YES;
				GCC_WARN_UNUSED_VARIABLE = YES;
				IPHONEOS_DEPLOYMENT_TARGET = 14.5;
				MTL_ENABLE_DEBUG_INFO = NO;
				MTL_FAST_MATH = YES;
				SDKROOT = iphoneos;
				SWIFT_COMPILATION_MODE = wholemodule;
				SWIFT_OPTIMIZATION_LEVEL = "-O";
				VALIDATE_PRODUCT = YES;
			};
			name = Release;
		};
		34CA7A5E269756AD00EA637E /* Debug */ = {
			isa = XCBuildConfiguration;
			buildSettings = {
				ASSETCATALOG_COMPILER_APPICON_NAME = AppIcon;
				ASSETCATALOG_COMPILER_GLOBAL_ACCENT_COLOR_NAME = AccentColor;
				CODE_SIGN_STYLE = Automatic;
				DEVELOPMENT_ASSET_PATHS = "\"Earthify/Preview Content\"";
				DEVELOPMENT_TEAM = U29V6K83J6;
				ENABLE_PREVIEWS = YES;
				INFOPLIST_FILE = Earthify/Info.plist;
				IPHONEOS_DEPLOYMENT_TARGET = 14.0;
				LD_RUNPATH_SEARCH_PATHS = (
					"$(inherited)",
					"@executable_path/Frameworks",
				);
				PRODUCT_BUNDLE_IDENTIFIER = com.mysterycoder456.Earthify;
				PRODUCT_NAME = "$(TARGET_NAME)";
				SWIFT_VERSION = 5.0;
				TARGETED_DEVICE_FAMILY = "1,2";
			};
			name = Debug;
		};
		34CA7A5F269756AD00EA637E /* Release */ = {
			isa = XCBuildConfiguration;
			buildSettings = {
				ASSETCATALOG_COMPILER_APPICON_NAME = AppIcon;
				ASSETCATALOG_COMPILER_GLOBAL_ACCENT_COLOR_NAME = AccentColor;
				CODE_SIGN_STYLE = Automatic;
				DEVELOPMENT_ASSET_PATHS = "\"Earthify/Preview Content\"";
				DEVELOPMENT_TEAM = U29V6K83J6;
				ENABLE_PREVIEWS = YES;
				INFOPLIST_FILE = Earthify/Info.plist;
				IPHONEOS_DEPLOYMENT_TARGET = 14.0;
				LD_RUNPATH_SEARCH_PATHS = (
					"$(inherited)",
					"@executable_path/Frameworks",
				);
				PRODUCT_BUNDLE_IDENTIFIER = com.mysterycoder456.Earthify;
				PRODUCT_NAME = "$(TARGET_NAME)";
				SWIFT_VERSION = 5.0;
				TARGETED_DEVICE_FAMILY = "1,2";
			};
			name = Release;
		};
/* End XCBuildConfiguration section */

/* Begin XCConfigurationList section */
		34CA7A49269756A800EA637E /* Build configuration list for PBXProject "Earthify" */ = {
			isa = XCConfigurationList;
			buildConfigurations = (
				34CA7A5B269756AD00EA637E /* Debug */,
				34CA7A5C269756AD00EA637E /* Release */,
			);
			defaultConfigurationIsVisible = 0;
			defaultConfigurationName = Release;
		};
		34CA7A5D269756AD00EA637E /* Build configuration list for PBXNativeTarget "Earthify" */ = {
			isa = XCConfigurationList;
			buildConfigurations = (
				34CA7A5E269756AD00EA637E /* Debug */,
				34CA7A5F269756AD00EA637E /* Release */,
			);
			defaultConfigurationIsVisible = 0;
			defaultConfigurationName = Release;
		};
/* End XCConfigurationList section */
	};
	rootObject = 34CA7A46269756A800EA637E /* Project object */;
}
